
Microsoft Visual Studio Solution File, Format Version 12.00
# Visual Studio Version 17
VisualStudioVersion = 17.14.36221.1 d17.14
MinimumVisualStudioVersion = 10.0.40219.1
Project("{FAE04EC0-301F-11D3-BF4B-00C04F79EFBC}") = "FirstWebAPI", "FirstWebAPI.csproj", "{A2364E7C-F82E-40A7-90A9-E6DA788601F6}"
EndProject
Global
	GlobalSection(SolutionConfigurationPlatforms) = preSolution
		Debug|Any CPU = Debug|Any CPU
		Release|Any CPU = Release|Any CPU
	EndGlobalSection
	GlobalSection(ProjectConfigurationPlatforms) = postSolution
		{A2364E7C-F82E-40A7-90A9-E6DA788601F6}.Debug|Any CPU.ActiveCfg = Debug|Any CPU
		{A2364E7C-F82E-40A7-90A9-E6DA788601F6}.Debug|Any CPU.Build.0 = Debug|Any CPU
		{A2364E7C-F82E-40A7-90A9-E6DA788601F6}.Release|Any CPU.ActiveCfg = Release|Any CPU
		{A2364E7C-F82E-40A7-90A9-E6DA788601F6}.Release|Any CPU.Build.0 = Release|Any CPU
	EndGlobalSection
	GlobalSection(SolutionProperties) = preSolution
		HideSolutionNode = FALSE
	EndGlobalSection
	GlobalSection(ExtensibilityGlobals) = postSolution
		SolutionGuid = {5758EC52-23C0-4BC1-B5C2-04EF642CC686}
	EndGlobalSection
EndGlobal
